
Microsoft Visual Studio Solution File, Format Version 12.00
# Visual Studio Version 16
VisualStudioVersion = 16.0.29920.165
MinimumVisualStudioVersion = 10.0.40219.1
Project("{FAE04EC0-301F-11D3-BF4B-00C04F79EFBC}") = "SQC", "SQC\SQC\SQC.csproj", "{B8801E75-9BC6-457D-B145-B264F9A4016C}"
EndProject
Project("{FAE04EC0-301F-11D3-BF4B-00C04F79EFBC}") = "SQC.Android", "SQC\SQC.Android\SQC.Android.csproj", "{84B73606-0E2C-4A6A-8E84-7BD7C2FEFBB8}"
EndProject
Project("{FAE04EC0-301F-11D3-BF4B-00C04F79EFBC}") = "SQC.iOS", "SQC\SQC.iOS\SQC.iOS.csproj", "{14F17C8E-CCC1-46C3-AEB3-57E523DC5021}"
EndProject
Project("{FAE04EC0-301F-11D3-BF4B-00C04F79EFBC}") = "SQCLibrary", "SQCLibrary\SQCLibrary.csproj", "{1BF1B55A-5E82-4C88-89A8-8B71760A48BC}"
EndProject
Project("{FAE04EC0-301F-11D3-BF4B-00C04F79EFBC}") = "SQCConsole", "SQCConsole\SQCConsole.csproj", "{F2A3DBAD-2193-4A5C-964D-DD1D40422D6C}"
EndProject
Global
	GlobalSection(SolutionConfigurationPlatforms) = preSolution
		Ad-Hoc|Any CPU = Ad-Hoc|Any CPU
		Ad-Hoc|iPhone = Ad-Hoc|iPhone
		Ad-Hoc|iPhoneSimulator = Ad-Hoc|iPhoneSimulator
		AppStore|Any CPU = AppStore|Any CPU
		AppStore|iPhone = AppStore|iPhone
		AppStore|iPhoneSimulator = AppStore|iPhoneSimulator
		Debug|Any CPU = Debug|Any CPU
		Debug|iPhone = Debug|iPhone
		Debug|iPhoneSimulator = Debug|iPhoneSimulator
		Release|Any CPU = Release|Any CPU
		Release|iPhone = Release|iPhone
		Release|iPhoneSimulator = Release|iPhoneSimulator
	EndGlobalSection
	GlobalSection(ProjectConfigurationPlatforms) = postSolution
		{B8801E75-9BC6-457D-B145-B264F9A4016C}.Ad-Hoc|Any CPU.ActiveCfg = Debug|Any CPU
		{B8801E75-9BC6-457D-B145-B264F9A4016C}.Ad-Hoc|Any CPU.Build.0 = Debug|Any CPU
		{B8801E75-9BC6-457D-B145-B264F9A4016C}.Ad-Hoc|iPhone.ActiveCfg = Debug|Any CPU
		{B8801E75-9BC6-457D-B145-B264F9A4016C}.Ad-Hoc|iPhone.Build.0 = Debug|Any CPU
		{B8801E75-9BC6-457D-B145-B264F9A4016C}.Ad-Hoc|iPhoneSimulator.ActiveCfg = Debug|Any CPU
		{B8801E75-9BC6-457D-B145-B264F9A4016C}.Ad-Hoc|iPhoneSimulator.Build.0 = Debug|Any CPU
		{B8801E75-9BC6-457D-B145-B264F9A4016C}.AppStore|Any CPU.ActiveCfg = Debug|Any CPU
		{B8801E75-9BC6-457D-B145-B264F9A4016C}.AppStore|Any CPU.Build.0 = Debug|Any CPU
		{B8801E75-9BC6-457D-B145-B264F9A4016C}.AppStore|iPhone.ActiveCfg = Debug|Any CPU
		{B8801E75-9BC6-457D-B145-B264F9A4016C}.AppStore|iPhone.Build.0 = Debug|Any CPU
		{B8801E75-9BC6-457D-B145-B264F9A4016C}.AppStore|iPhoneSimulator.ActiveCfg = Debug|Any CPU
		{B8801E75-9BC6-457D-B145-B264F9A4016C}.AppStore|iPhoneSimulator.Build.0 = Debug|Any CPU
		{B8801E75-9BC6-457D-B145-B264F9A4016C}.Debug|Any CPU.ActiveCfg = Debug|Any CPU
		{B8801E75-9BC6-457D-B145-B264F9A4016C}.Debug|Any CPU.Build.0 = Debug|Any CPU
		{B8801E75-9BC6-457D-B145-B264F9A4016C}.Debug|iPhone.ActiveCfg = Debug|Any CPU
		{B8801E75-9BC6-457D-B145-B264F9A4016C}.Debug|iPhone.Build.0 = Debug|Any CPU
		{B8801E75-9BC6-457D-B145-B264F9A4016C}.Debug|iPhoneSimulator.ActiveCfg = Debug|Any CPU
		{B8801E75-9BC6-457D-B145-B264F9A4016C}.Debug|iPhoneSimulator.Build.0 = Debug|Any CPU
		{B8801E75-9BC6-457D-B145-B264F9A4016C}.Release|Any CPU.ActiveCfg = Release|Any CPU
		{B8801E75-9BC6-457D-B145-B264F9A4016C}.Release|Any CPU.Build.0 = Release|Any CPU
		{B8801E75-9BC6-457D-B145-B264F9A4016C}.Release|iPhone.ActiveCfg = Release|Any CPU
		{B8801E75-9BC6-457D-B145-B264F9A4016C}.Release|iPhone.Build.0 = Release|Any CPU
		{B8801E75-9BC6-457D-B145-B264F9A4016C}.Release|iPhoneSimulator.ActiveCfg = Release|Any CPU
		{B8801E75-9BC6-457D-B145-B264F9A4016C}.Release|iPhoneSimulator.Build.0 = Release|Any CPU
		{84B73606-0E2C-4A6A-8E84-7BD7C2FEFBB8}.Ad-Hoc|Any CPU.ActiveCfg = Release|Any CPU
		{84B73606-0E2C-4A6A-8E84-7BD7C2FEFBB8}.Ad-Hoc|Any CPU.Build.0 = Release|Any CPU
		{84B73606-0E2C-4A6A-8E84-7BD7C2FEFBB8}.Ad-Hoc|Any CPU.Deploy.0 = Release|Any CPU
		{84B73606-0E2C-4A6A-8E84-7BD7C2FEFBB8}.Ad-Hoc|iPhone.ActiveCfg = Release|Any CPU
		{84B73606-0E2C-4A6A-8E84-7BD7C2FEFBB8}.Ad-Hoc|iPhone.Build.0 = Release|Any CPU
		{84B73606-0E2C-4A6A-8E84-7BD7C2FEFBB8}.Ad-Hoc|iPhone.Deploy.0 = Release|Any CPU
		{84B73606-0E2C-4A6A-8E84-7BD7C2FEFBB8}.Ad-Hoc|iPhoneSimulator.ActiveCfg = Release|Any CPU
		{84B73606-0E2C-4A6A-8E84-7BD7C2FEFBB8}.Ad-Hoc|iPhoneSimulator.Build.0 = Release|Any CPU
		{84B73606-0E2C-4A6A-8E84-7BD7C2FEFBB8}.Ad-Hoc|iPhoneSimulator.Deploy.0 = Release|Any CPU
		{84B73606-0E2C-4A6A-8E84-7BD7C2FEFBB8}.AppStore|Any CPU.ActiveCfg = Release|Any CPU
		{84B73606-0E2C-4A6A-8E84-7BD7C2FEFBB8}.AppStore|Any CPU.Build.0 = Release|Any CPU
		{84B73606-0E2C-4A6A-8E84-7BD7C2FEFBB8}.AppStore|Any CPU.Deploy.0 = Release|Any CPU
		{84B73606-0E2C-4A6A-8E84-7BD7C2FEFBB8}.AppStore|iPhone.ActiveCfg = Release|Any CPU
		{84B73606-0E2C-4A6A-8E84-7BD7C2FEFBB8}.AppStore|iPhone.Build.0 = Release|Any CPU
		{84B73606-0E2C-4A6A-8E84-7BD7C2FEFBB8}.AppStore|iPhone.Deploy.0 = Release|Any CPU
		{84B73606-0E2C-4A6A-8E84-7BD7C2FEFBB8}.AppStore|iPhoneSimulator.ActiveCfg = Release|Any CPU
		{84B73606-0E2C-4A6A-8E84-7BD7C2FEFBB8}.AppStore|iPhoneSimulator.Build.0 = Release|Any CPU
		{84B73606-0E2C-4A6A-8E84-7BD7C2FEFBB8}.AppStore|iPhoneSimulator.Deploy.0 = Release|Any CPU
		{84B73606-0E2C-4A6A-8E84-7BD7C2FEFBB8}.Debug|Any CPU.ActiveCfg = Debug|Any CPU
		{84B73606-0E2C-4A6A-8E84-7BD7C2FEFBB8}.Debug|Any CPU.Build.0 = Debug|Any CPU
		{84B73606-0E2C-4A6A-8E84-7BD7C2FEFBB8}.Debug|Any CPU.Deploy.0 = Debug|Any CPU
		{84B73606-0E2C-4A6A-8E84-7BD7C2FEFBB8}.Debug|iPhone.ActiveCfg = Debug|Any CPU
		{84B73606-0E2C-4A6A-8E84-7BD7C2FEFBB8}.Debug|iPhone.Build.0 = Debug|Any CPU
		{84B73606-0E2C-4A6A-8E84-7BD7C2FEFBB8}.Debug|iPhone.Deploy.0 = Debug|Any CPU
		{84B73606-0E2C-4A6A-8E84-7BD7C2FEFBB8}.Debug|iPhoneSimulator.ActiveCfg = Debug|Any CPU
		{84B73606-0E2C-4A6A-8E84-7BD7C2FEFBB8}.Debug|iPhoneSimulator.Build.0 = Debug|Any CPU
		{84B73606-0E2C-4A6A-8E84-7BD7C2FEFBB8}.Debug|iPhoneSimulator.Deploy.0 = Debug|Any CPU
		{84B73606-0E2C-4A6A-8E84-7BD7C2FEFBB8}.Release|Any CPU.ActiveCfg = Release|Any CPU
		{84B73606-0E2C-4A6A-8E84-7BD7C2FEFBB8}.Release|Any CPU.Build.0 = Release|Any CPU
		{84B73606-0E2C-4A6A-8E84-7BD7C2FEFBB8}.Release|Any CPU.Deploy.0 = Release|Any CPU
		{84B73606-0E2C-4A6A-8E84-7BD7C2FEFBB8}.Release|iPhone.ActiveCfg = Release|Any CPU
		{84B73606-0E2C-4A6A-8E84-7BD7C2FEFBB8}.Release|iPhone.Build.0 = Release|Any CPU
		{84B73606-0E2C-4A6A-8E84-7BD7C2FEFBB8}.Release|iPhone.Deploy.0 = Release|Any CPU
		{84B73606-0E2C-4A6A-8E84-7BD7C2FEFBB8}.Release|iPhoneSimulator.ActiveCfg = Release|Any CPU
		{84B73606-0E2C-4A6A-8E84-7BD7C2FEFBB8}.Release|iPhoneSimulator.Build.0 = Release|Any CPU
		{84B73606-0E2C-4A6A-8E84-7BD7C2FEFBB8}.Release|iPhoneSimulator.Deploy.0 = Release|Any CPU
		{14F17C8E-CCC1-46C3-AEB3-57E523DC5021}.Ad-Hoc|Any CPU.ActiveCfg = Ad-Hoc|iPhone
		{14F17C8E-CCC1-46C3-AEB3-57E523DC5021}.Ad-Hoc|iPhone.ActiveCfg = Ad-Hoc|iPhone
		{14F17C8E-CCC1-46C3-AEB3-57E523DC5021}.Ad-Hoc|iPhone.Build.0 = Ad-Hoc|iPhone
		{14F17C8E-CCC1-46C3-AEB3-57E523DC5021}.Ad-Hoc|iPhoneSimulator.ActiveCfg = Ad-Hoc|iPhoneSimulator
		{14F17C8E-CCC1-46C3-AEB3-57E523DC5021}.Ad-Hoc|iPhoneSimulator.Build.0 = Ad-Hoc|iPhoneSimulator
		{14F17C8E-CCC1-46C3-AEB3-57E523DC5021}.AppStore|Any CPU.ActiveCfg = AppStore|iPhone
		{14F17C8E-CCC1-46C3-AEB3-57E523DC5021}.AppStore|iPhone.ActiveCfg = AppStore|iPhone
		{14F17C8E-CCC1-46C3-AEB3-57E523DC5021}.AppStore|iPhone.Build.0 = AppStore|iPhone
		{14F17C8E-CCC1-46C3-AEB3-57E523DC5021}.AppStore|iPhoneSimulator.ActiveCfg = AppStore|iPhoneSimulator
		{14F17C8E-CCC1-46C3-AEB3-57E523DC5021}.AppStore|iPhoneSimulator.Build.0 = AppStore|iPhoneSimulator
		{14F17C8E-CCC1-46C3-AEB3-57E523DC5021}.Debug|Any CPU.ActiveCfg = Debug|iPhone
		{14F17C8E-CCC1-46C3-AEB3-57E523DC5021}.Debug|iPhone.ActiveCfg = Debug|iPhone
		{14F17C8E-CCC1-46C3-AEB3-57E523DC5021}.Debug|iPhone.Build.0 = Debug|iPhone
		{14F17C8E-CCC1-46C3-AEB3-57E523DC5021}.Debug|iPhoneSimulator.ActiveCfg = Debug|iPhoneSimulator
		{14F17C8E-CCC1-46C3-AEB3-57E523DC5021}.Debug|iPhoneSimulator.Build.0 = Debug|iPhoneSimulator
		{14F17C8E-CCC1-46C3-AEB3-57E523DC5021}.Release|Any CPU.ActiveCfg = Release|iPhone
		{14F17C8E-CCC1-46C3-AEB3-57E523DC5021}.Release|iPhone.ActiveCfg = Release|iPhone
		{14F17C8E-CCC1-46C3-AEB3-57E523DC5021}.Release|iPhone.Build.0 = Release|iPhone
		{14F17C8E-CCC1-46C3-AEB3-57E523DC5021}.Release|iPhoneSimulator.ActiveCfg = Release|iPhoneSimulator
		{14F17C8E-CCC1-46C3-AEB3-57E523DC5021}.Release|iPhoneSimulator.Build.0 = Release|iPhoneSimulator
		{1BF1B55A-5E82-4C88-89A8-8B71760A48BC}.Ad-Hoc|Any CPU.ActiveCfg = Debug|Any CPU
		{1BF1B55A-5E82-4C88-89A8-8B71760A48BC}.Ad-Hoc|Any CPU.Build.0 = Debug|Any CPU
		{1BF1B55A-5E82-4C88-89A8-8B71760A48BC}.Ad-Hoc|iPhone.ActiveCfg = Debug|Any CPU
		{1BF1B55A-5E82-4C88-89A8-8B71760A48BC}.Ad-Hoc|iPhone.Build.0 = Debug|Any CPU
		{1BF1B55A-5E82-4C88-89A8-8B71760A48BC}.Ad-Hoc|iPhoneSimulator.ActiveCfg = Debug|Any CPU
		{1BF1B55A-5E82-4C88-89A8-8B71760A48BC}.Ad-Hoc|iPhoneSimulator.Build.0 = Debug|Any CPU
		{1BF1B55A-5E82-4C88-89A8-8B71760A48BC}.AppStore|Any CPU.ActiveCfg = Debug|Any CPU
		{1BF1B55A-5E82-4C88-89A8-8B71760A48BC}.AppStore|Any CPU.Build.0 = Debug|Any CPU
		{1BF1B55A-5E82-4C88-89A8-8B71760A48BC}.AppStore|iPhone.ActiveCfg = Debug|Any CPU
		{1BF1B55A-5E82-4C88-89A8-8B71760A48BC}.AppStore|iPhone.Build.0 = Debug|Any CPU
		{1BF1B55A-5E82-4C88-89A8-8B71760A48BC}.AppStore|iPhoneSimulator.ActiveCfg = Debug|Any CPU
		{1BF1B55A-5E82-4C88-89A8-8B71760A48BC}.AppStore|iPhoneSimulator.Build.0 = Debug|Any CPU
		{1BF1B55A-5E82-4C88-89A8-8B71760A48BC}.Debug|Any CPU.ActiveCfg = Debug|Any CPU
		{1BF1B55A-5E82-4C88-89A8-8B71760A48BC}.Debug|Any CPU.Build.0 = Debug|Any CPU
		{1BF1B55A-5E82-4C88-89A8-8B71760A48BC}.Debug|iPhone.ActiveCfg = Debug|Any CPU
		{1BF1B55A-5E82-4C88-89A8-8B71760A48BC}.Debug|iPhone.Build.0 = Debug|Any CPU
		{1BF1B55A-5E82-4C88-89A8-8B71760A48BC}.Debug|iPhoneSimulator.ActiveCfg = Debug|Any CPU
		{1BF1B55A-5E82-4C88-89A8-8B71760A48BC}.Debug|iPhoneSimulator.Build.0 = Debug|Any CPU
		{1BF1B55A-5E82-4C88-89A8-8B71760A48BC}.Release|Any CPU.ActiveCfg = Release|Any CPU
		{1BF1B55A-5E82-4C88-89A8-8B71760A48BC}.Release|Any CPU.Build.0 = Release|Any CPU
		{1BF1B55A-5E82-4C88-89A8-8B71760A48BC}.Release|iPhone.ActiveCfg = Release|Any CPU
		{1BF1B55A-5E82-4C88-89A8-8B71760A48BC}.Release|iPhone.Build.0 = Release|Any CPU
		{1BF1B55A-5E82-4C88-89A8-8B71760A48BC}.Release|iPhoneSimulator.ActiveCfg = Release|Any CPU
		{1BF1B55A-5E82-4C88-89A8-8B71760A48BC}.Release|iPhoneSimulator.Build.0 = Release|Any CPU
		{F2A3DBAD-2193-4A5C-964D-DD1D40422D6C}.Ad-Hoc|Any CPU.ActiveCfg = Debug|Any CPU
		{F2A3DBAD-2193-4A5C-964D-DD1D40422D6C}.Ad-Hoc|Any CPU.Build.0 = Debug|Any CPU
		{F2A3DBAD-2193-4A5C-964D-DD1D40422D6C}.Ad-Hoc|iPhone.ActiveCfg = Debug|Any CPU
		{F2A3DBAD-2193-4A5C-964D-DD1D40422D6C}.Ad-Hoc|iPhone.Build.0 = Debug|Any CPU
		{F2A3DBAD-2193-4A5C-964D-DD1D40422D6C}.Ad-Hoc|iPhoneSimulator.ActiveCfg = Debug|Any CPU
		{F2A3DBAD-2193-4A5C-964D-DD1D40422D6C}.Ad-Hoc|iPhoneSimulator.Build.0 = Debug|Any CPU
		{F2A3DBAD-2193-4A5C-964D-DD1D40422D6C}.AppStore|Any CPU.ActiveCfg = Debug|Any CPU
		{F2A3DBAD-2193-4A5C-964D-DD1D40422D6C}.AppStore|Any CPU.Build.0 = Debug|Any CPU
		{F2A3DBAD-2193-4A5C-964D-DD1D40422D6C}.AppStore|iPhone.ActiveCfg = Debug|Any CPU
		{F2A3DBAD-2193-4A5C-964D-DD1D40422D6C}.AppStore|iPhone.Build.0 = Debug|Any CPU
		{F2A3DBAD-2193-4A5C-964D-DD1D40422D6C}.AppStore|iPhoneSimulator.ActiveCfg = Debug|Any CPU
		{F2A3DBAD-2193-4A5C-964D-DD1D40422D6C}.AppStore|iPhoneSimulator.Build.0 = Debug|Any CPU
		{F2A3DBAD-2193-4A5C-964D-DD1D40422D6C}.Debug|Any CPU.ActiveCfg = Debug|Any CPU
		{F2A3DBAD-2193-4A5C-964D-DD1D40422D6C}.Debug|Any CPU.Build.0 = Debug|Any CPU
		{F2A3DBAD-2193-4A5C-964D-DD1D40422D6C}.Debug|iPhone.ActiveCfg = Debug|Any CPU
		{F2A3DBAD-2193-4A5C-964D-DD1D40422D6C}.Debug|iPhone.Build.0 = Debug|Any CPU
		{F2A3DBAD-2193-4A5C-964D-DD1D40422D6C}.Debug|iPhoneSimulator.ActiveCfg = Debug|Any CPU
		{F2A3DBAD-2193-4A5C-964D-DD1D40422D6C}.Debug|iPhoneSimulator.Build.0 = Debug|Any CPU
		{F2A3DBAD-2193-4A5C-964D-DD1D40422D6C}.Release|Any CPU.ActiveCfg = Release|Any CPU
		{F2A3DBAD-2193-4A5C-964D-DD1D40422D6C}.Release|Any CPU.Build.0 = Release|Any CPU
		{F2A3DBAD-2193-4A5C-964D-DD1D40422D6C}.Release|iPhone.ActiveCfg = Release|Any CPU
		{F2A3DBAD-2193-4A5C-964D-DD1D40422D6C}.Release|iPhone.Build.0 = Release|Any CPU
		{F2A3DBAD-2193-4A5C-964D-DD1D40422D6C}.Release|iPhoneSimulator.ActiveCfg = Release|Any CPU
		{F2A3DBAD-2193-4A5C-964D-DD1D40422D6C}.Release|iPhoneSimulator.Build.0 = Release|Any CPU
	EndGlobalSection
	GlobalSection(SolutionProperties) = preSolution
		HideSolutionNode = FALSE
	EndGlobalSection
	GlobalSection(ExtensibilityGlobals) = postSolution
		SolutionGuid = {11FAF56B-3231-4310-9C35-74F288090BE7}
	EndGlobalSection
EndGlobal
