
Microsoft Visual Studio Solution File, Format Version 12.00
# Visual Studio Version 16
VisualStudioVersion = 16.0.29920.165
MinimumVisualStudioVersion = 10.0.40219.1
Project("{FAE04EC0-301F-11D3-BF4B-00C04F79EFBC}") = "MySQL", "MySQL\MySQL\MySQL.csproj", "{97AC318B-F4B3-4D2E-A983-2171ED6CD865}"
EndProject
Project("{FAE04EC0-301F-11D3-BF4B-00C04F79EFBC}") = "MySQL.Android", "MySQL\MySQL.Android\MySQL.Android.csproj", "{0BBE61FC-51A4-4930-92E0-738A28717530}"
EndProject
Project("{FAE04EC0-301F-11D3-BF4B-00C04F79EFBC}") = "MySQL.iOS", "MySQL\MySQL.iOS\MySQL.iOS.csproj", "{0B0E4675-6A21-46BF-86B7-2BBD4A45703F}"
EndProject
Global
	GlobalSection(SolutionConfigurationPlatforms) = preSolution
		Ad-Hoc|Any CPU = Ad-Hoc|Any CPU
		Ad-Hoc|iPhone = Ad-Hoc|iPhone
		Ad-Hoc|iPhoneSimulator = Ad-Hoc|iPhoneSimulator
		AppStore|Any CPU = AppStore|Any CPU
		AppStore|iPhone = AppStore|iPhone
		AppStore|iPhoneSimulator = AppStore|iPhoneSimulator
		Debug|Any CPU = Debug|Any CPU
		Debug|iPhone = Debug|iPhone
		Debug|iPhoneSimulator = Debug|iPhoneSimulator
		Release|Any CPU = Release|Any CPU
		Release|iPhone = Release|iPhone
		Release|iPhoneSimulator = Release|iPhoneSimulator
	EndGlobalSection
	GlobalSection(ProjectConfigurationPlatforms) = postSolution
		{97AC318B-F4B3-4D2E-A983-2171ED6CD865}.Ad-Hoc|Any CPU.ActiveCfg = Debug|Any CPU
		{97AC318B-F4B3-4D2E-A983-2171ED6CD865}.Ad-Hoc|Any CPU.Build.0 = Debug|Any CPU
		{97AC318B-F4B3-4D2E-A983-2171ED6CD865}.Ad-Hoc|iPhone.ActiveCfg = Debug|Any CPU
		{97AC318B-F4B3-4D2E-A983-2171ED6CD865}.Ad-Hoc|iPhone.Build.0 = Debug|Any CPU
		{97AC318B-F4B3-4D2E-A983-2171ED6CD865}.Ad-Hoc|iPhoneSimulator.ActiveCfg = Debug|Any CPU
		{97AC318B-F4B3-4D2E-A983-2171ED6CD865}.Ad-Hoc|iPhoneSimulator.Build.0 = Debug|Any CPU
		{97AC318B-F4B3-4D2E-A983-2171ED6CD865}.AppStore|Any CPU.ActiveCfg = Debug|Any CPU
		{97AC318B-F4B3-4D2E-A983-2171ED6CD865}.AppStore|Any CPU.Build.0 = Debug|Any CPU
		{97AC318B-F4B3-4D2E-A983-2171ED6CD865}.AppStore|iPhone.ActiveCfg = Debug|Any CPU
		{97AC318B-F4B3-4D2E-A983-2171ED6CD865}.AppStore|iPhone.Build.0 = Debug|Any CPU
		{97AC318B-F4B3-4D2E-A983-2171ED6CD865}.AppStore|iPhoneSimulator.ActiveCfg = Debug|Any CPU
		{97AC318B-F4B3-4D2E-A983-2171ED6CD865}.AppStore|iPhoneSimulator.Build.0 = Debug|Any CPU
		{97AC318B-F4B3-4D2E-A983-2171ED6CD865}.Debug|Any CPU.ActiveCfg = Debug|Any CPU
		{97AC318B-F4B3-4D2E-A983-2171ED6CD865}.Debug|Any CPU.Build.0 = Debug|Any CPU
		{97AC318B-F4B3-4D2E-A983-2171ED6CD865}.Debug|iPhone.ActiveCfg = Debug|Any CPU
		{97AC318B-F4B3-4D2E-A983-2171ED6CD865}.Debug|iPhone.Build.0 = Debug|Any CPU
		{97AC318B-F4B3-4D2E-A983-2171ED6CD865}.Debug|iPhoneSimulator.ActiveCfg = Debug|Any CPU
		{97AC318B-F4B3-4D2E-A983-2171ED6CD865}.Debug|iPhoneSimulator.Build.0 = Debug|Any CPU
		{97AC318B-F4B3-4D2E-A983-2171ED6CD865}.Release|Any CPU.ActiveCfg = Release|Any CPU
		{97AC318B-F4B3-4D2E-A983-2171ED6CD865}.Release|Any CPU.Build.0 = Release|Any CPU
		{97AC318B-F4B3-4D2E-A983-2171ED6CD865}.Release|iPhone.ActiveCfg = Release|Any CPU
		{97AC318B-F4B3-4D2E-A983-2171ED6CD865}.Release|iPhone.Build.0 = Release|Any CPU
		{97AC318B-F4B3-4D2E-A983-2171ED6CD865}.Release|iPhoneSimulator.ActiveCfg = Release|Any CPU
		{97AC318B-F4B3-4D2E-A983-2171ED6CD865}.Release|iPhoneSimulator.Build.0 = Release|Any CPU
		{0BBE61FC-51A4-4930-92E0-738A28717530}.Ad-Hoc|Any CPU.ActiveCfg = Release|Any CPU
		{0BBE61FC-51A4-4930-92E0-738A28717530}.Ad-Hoc|Any CPU.Build.0 = Release|Any CPU
		{0BBE61FC-51A4-4930-92E0-738A28717530}.Ad-Hoc|Any CPU.Deploy.0 = Release|Any CPU
		{0BBE61FC-51A4-4930-92E0-738A28717530}.Ad-Hoc|iPhone.ActiveCfg = Release|Any CPU
		{0BBE61FC-51A4-4930-92E0-738A28717530}.Ad-Hoc|iPhone.Build.0 = Release|Any CPU
		{0BBE61FC-51A4-4930-92E0-738A28717530}.Ad-Hoc|iPhone.Deploy.0 = Release|Any CPU
		{0BBE61FC-51A4-4930-92E0-738A28717530}.Ad-Hoc|iPhoneSimulator.ActiveCfg = Release|Any CPU
		{0BBE61FC-51A4-4930-92E0-738A28717530}.Ad-Hoc|iPhoneSimulator.Build.0 = Release|Any CPU
		{0BBE61FC-51A4-4930-92E0-738A28717530}.Ad-Hoc|iPhoneSimulator.Deploy.0 = Release|Any CPU
		{0BBE61FC-51A4-4930-92E0-738A28717530}.AppStore|Any CPU.ActiveCfg = Release|Any CPU
		{0BBE61FC-51A4-4930-92E0-738A28717530}.AppStore|Any CPU.Build.0 = Release|Any CPU
		{0BBE61FC-51A4-4930-92E0-738A28717530}.AppStore|Any CPU.Deploy.0 = Release|Any CPU
		{0BBE61FC-51A4-4930-92E0-738A28717530}.AppStore|iPhone.ActiveCfg = Release|Any CPU
		{0BBE61FC-51A4-4930-92E0-738A28717530}.AppStore|iPhone.Build.0 = Release|Any CPU
		{0BBE61FC-51A4-4930-92E0-738A28717530}.AppStore|iPhone.Deploy.0 = Release|Any CPU
		{0BBE61FC-51A4-4930-92E0-738A28717530}.AppStore|iPhoneSimulator.ActiveCfg = Release|Any CPU
		{0BBE61FC-51A4-4930-92E0-738A28717530}.AppStore|iPhoneSimulator.Build.0 = Release|Any CPU
		{0BBE61FC-51A4-4930-92E0-738A28717530}.AppStore|iPhoneSimulator.Deploy.0 = Release|Any CPU
		{0BBE61FC-51A4-4930-92E0-738A28717530}.Debug|Any CPU.ActiveCfg = Debug|Any CPU
		{0BBE61FC-51A4-4930-92E0-738A28717530}.Debug|Any CPU.Build.0 = Debug|Any CPU
		{0BBE61FC-51A4-4930-92E0-738A28717530}.Debug|Any CPU.Deploy.0 = Debug|Any CPU
		{0BBE61FC-51A4-4930-92E0-738A28717530}.Debug|iPhone.ActiveCfg = Debug|Any CPU
		{0BBE61FC-51A4-4930-92E0-738A28717530}.Debug|iPhone.Build.0 = Debug|Any CPU
		{0BBE61FC-51A4-4930-92E0-738A28717530}.Debug|iPhone.Deploy.0 = Debug|Any CPU
		{0BBE61FC-51A4-4930-92E0-738A28717530}.Debug|iPhoneSimulator.ActiveCfg = Debug|Any CPU
		{0BBE61FC-51A4-4930-92E0-738A28717530}.Debug|iPhoneSimulator.Build.0 = Debug|Any CPU
		{0BBE61FC-51A4-4930-92E0-738A28717530}.Debug|iPhoneSimulator.Deploy.0 = Debug|Any CPU
		{0BBE61FC-51A4-4930-92E0-738A28717530}.Release|Any CPU.ActiveCfg = Release|Any CPU
		{0BBE61FC-51A4-4930-92E0-738A28717530}.Release|Any CPU.Build.0 = Release|Any CPU
		{0BBE61FC-51A4-4930-92E0-738A28717530}.Release|Any CPU.Deploy.0 = Release|Any CPU
		{0BBE61FC-51A4-4930-92E0-738A28717530}.Release|iPhone.ActiveCfg = Release|Any CPU
		{0BBE61FC-51A4-4930-92E0-738A28717530}.Release|iPhone.Build.0 = Release|Any CPU
		{0BBE61FC-51A4-4930-92E0-738A28717530}.Release|iPhone.Deploy.0 = Release|Any CPU
		{0BBE61FC-51A4-4930-92E0-738A28717530}.Release|iPhoneSimulator.ActiveCfg = Release|Any CPU
		{0BBE61FC-51A4-4930-92E0-738A28717530}.Release|iPhoneSimulator.Build.0 = Release|Any CPU
		{0BBE61FC-51A4-4930-92E0-738A28717530}.Release|iPhoneSimulator.Deploy.0 = Release|Any CPU
		{0B0E4675-6A21-46BF-86B7-2BBD4A45703F}.Ad-Hoc|Any CPU.ActiveCfg = Ad-Hoc|iPhone
		{0B0E4675-6A21-46BF-86B7-2BBD4A45703F}.Ad-Hoc|iPhone.ActiveCfg = Ad-Hoc|iPhone
		{0B0E4675-6A21-46BF-86B7-2BBD4A45703F}.Ad-Hoc|iPhone.Build.0 = Ad-Hoc|iPhone
		{0B0E4675-6A21-46BF-86B7-2BBD4A45703F}.Ad-Hoc|iPhoneSimulator.ActiveCfg = Ad-Hoc|iPhoneSimulator
		{0B0E4675-6A21-46BF-86B7-2BBD4A45703F}.Ad-Hoc|iPhoneSimulator.Build.0 = Ad-Hoc|iPhoneSimulator
		{0B0E4675-6A21-46BF-86B7-2BBD4A45703F}.AppStore|Any CPU.ActiveCfg = AppStore|iPhone
		{0B0E4675-6A21-46BF-86B7-2BBD4A45703F}.AppStore|iPhone.ActiveCfg = AppStore|iPhone
		{0B0E4675-6A21-46BF-86B7-2BBD4A45703F}.AppStore|iPhone.Build.0 = AppStore|iPhone
		{0B0E4675-6A21-46BF-86B7-2BBD4A45703F}.AppStore|iPhoneSimulator.ActiveCfg = AppStore|iPhoneSimulator
		{0B0E4675-6A21-46BF-86B7-2BBD4A45703F}.AppStore|iPhoneSimulator.Build.0 = AppStore|iPhoneSimulator
		{0B0E4675-6A21-46BF-86B7-2BBD4A45703F}.Debug|Any CPU.ActiveCfg = Debug|iPhone
		{0B0E4675-6A21-46BF-86B7-2BBD4A45703F}.Debug|iPhone.ActiveCfg = Debug|iPhone
		{0B0E4675-6A21-46BF-86B7-2BBD4A45703F}.Debug|iPhone.Build.0 = Debug|iPhone
		{0B0E4675-6A21-46BF-86B7-2BBD4A45703F}.Debug|iPhoneSimulator.ActiveCfg = Debug|iPhoneSimulator
		{0B0E4675-6A21-46BF-86B7-2BBD4A45703F}.Debug|iPhoneSimulator.Build.0 = Debug|iPhoneSimulator
		{0B0E4675-6A21-46BF-86B7-2BBD4A45703F}.Release|Any CPU.ActiveCfg = Release|iPhone
		{0B0E4675-6A21-46BF-86B7-2BBD4A45703F}.Release|iPhone.ActiveCfg = Release|iPhone
		{0B0E4675-6A21-46BF-86B7-2BBD4A45703F}.Release|iPhone.Build.0 = Release|iPhone
		{0B0E4675-6A21-46BF-86B7-2BBD4A45703F}.Release|iPhoneSimulator.ActiveCfg = Release|iPhoneSimulator
		{0B0E4675-6A21-46BF-86B7-2BBD4A45703F}.Release|iPhoneSimulator.Build.0 = Release|iPhoneSimulator
	EndGlobalSection
	GlobalSection(SolutionProperties) = preSolution
		HideSolutionNode = FALSE
	EndGlobalSection
	GlobalSection(ExtensibilityGlobals) = postSolution
		SolutionGuid = {B97DC35C-BBF0-40E6-A769-321F0658051F}
	EndGlobalSection
EndGlobal
